// !$*UTF8*$!
{
	archiveVersion = 1;
	classes = {
	};
	objectVersion = 56;
	objects = {

/* Begin PBXBuildFile section */
		1D0818B12D22E45F003D2A32 /* USDexchanges.json in Resources */ = {isa = PBXBuildFile; fileRef = 1D0818B02D22E45F003D2A32 /* USDexchanges.json */; };
		1D0818B32D22E47F003D2A32 /* PLNexchanges.json in Resources */ = {isa = PBXBuildFile; fileRef = 1D0818B22D22E47F003D2A32 /* PLNexchanges.json */; };
		1D0818B52D22E53C003D2A32 /* EURexchanges.json in Resources */ = {isa = PBXBuildFile; fileRef = 1D0818B42D22E53C003D2A32 /* EURexchanges.json */; };
		1D0818B72D22E663003D2A32 /* GBPexchanges.json in Resources */ = {isa = PBXBuildFile; fileRef = 1D0818B62D22E663003D2A32 /* GBPexchanges.json */; };
		1D0818BB2D22ED09003D2A32 /* ExchangeModel.swift in Sources */ = {isa = PBXBuildFile; fileRef = 1D0818BA2D22ED09003D2A32 /* ExchangeModel.swift */; };
		1D0818BD2D230022003D2A32 /* ExchangeRow.swift in Sources */ = {isa = PBXBuildFile; fileRef = 1D0818BC2D230022003D2A32 /* ExchangeRow.swift */; };
		1D0818BF2D230181003D2A32 /* ExchangeDetailView.swift in Sources */ = {isa = PBXBuildFile; fileRef = 1D0818BE2D230181003D2A32 /* ExchangeDetailView.swift */; };
		1D0E68E72D20777300E948E4 /* CurrencyCode.swift in Sources */ = {isa = PBXBuildFile; fileRef = 1D0E68E62D20777300E948E4 /* CurrencyCode.swift */; };
		1D0E68EB2D207BF900E948E4 /* Rate.swift in Sources */ = {isa = PBXBuildFile; fileRef = 1D0E68EA2D207BF900E948E4 /* Rate.swift */; };
		1D0E68EE2D20850500E948E4 /* User.swift in Sources */ = {isa = PBXBuildFile; fileRef = 1D0E68ED2D20850500E948E4 /* User.swift */; };
		1D0E68F02D20949700E948E4 /* CustomLineChart.swift in Sources */ = {isa = PBXBuildFile; fileRef = 1D0E68EF2D20949700E948E4 /* CustomLineChart.swift */; };
		1D1F28102D24FB1A00A083D0 /* BuyView.swift in Sources */ = {isa = PBXBuildFile; fileRef = 1D1F280F2D24FB1A00A083D0 /* BuyView.swift */; };
		1D1F28132D25081F00A083D0 /* Login.swift in Sources */ = {isa = PBXBuildFile; fileRef = 1D1F28122D25081F00A083D0 /* Login.swift */; };
		1D24ADE22CE6591300E9819E /* ExchangeApplicationApp.swift in Sources */ = {isa = PBXBuildFile; fileRef = 1D24ADE12CE6591300E9819E /* ExchangeApplicationApp.swift */; };
		1D24ADE42CE6591300E9819E /* ContentView.swift in Sources */ = {isa = PBXBuildFile; fileRef = 1D24ADE32CE6591300E9819E /* ContentView.swift */; };
		1D24ADE62CE6591500E9819E /* Assets.xcassets in Resources */ = {isa = PBXBuildFile; fileRef = 1D24ADE52CE6591500E9819E /* Assets.xcassets */; };
		1D24ADE92CE6591500E9819E /* Preview Assets.xcassets in Resources */ = {isa = PBXBuildFile; fileRef = 1D24ADE82CE6591500E9819E /* Preview Assets.xcassets */; };
		1D703C982D172D90001867C2 /* CreateNewAccountView.swift in Sources */ = {isa = PBXBuildFile; fileRef = 1D703C972D172D90001867C2 /* CreateNewAccountView.swift */; };
		1D703C9B2D172E59001867C2 /* AccountCardView.swift in Sources */ = {isa = PBXBuildFile; fileRef = 1D703C9A2D172E59001867C2 /* AccountCardView.swift */; };
		1D703C9D2D172F81001867C2 /* AccountDetailView.swift in Sources */ = {isa = PBXBuildFile; fileRef = 1D703C9C2D172F81001867C2 /* AccountDetailView.swift */; };
		1D703CA12D1731D8001867C2 /* singleCurrencyByPeriod.json in Resources */ = {isa = PBXBuildFile; fileRef = 1D703CA02D1731D8001867C2 /* singleCurrencyByPeriod.json */; };
		1D703CA32D1732F8001867C2 /* Exchange.swift in Sources */ = {isa = PBXBuildFile; fileRef = 1D703CA22D1732F8001867C2 /* Exchange.swift */; };
		1D73B9EC2D29AA5000860CDD /* Test.swift in Sources */ = {isa = PBXBuildFile; fileRef = 1D73B9EB2D29AA5000860CDD /* Test.swift */; };
		1D7547FF2D1F0E2300FEBE08 /* CustomPickerView.swift in Sources */ = {isa = PBXBuildFile; fileRef = 1D7547FE2D1F0E2300FEBE08 /* CustomPickerView.swift */; };
		1D7E5AA92CF7EC6F0019094A /* allCurrencies.json in Resources */ = {isa = PBXBuildFile; fileRef = 1D7E5AA82CF7EC6F0019094A /* allCurrencies.json */; };
		1D7E5AAE2CF7ED830019094A /* LocalService.swift in Sources */ = {isa = PBXBuildFile; fileRef = 1D7E5AAD2CF7ED830019094A /* LocalService.swift */; };
		1D7E5AB02CF7ED930019094A /* Currency.swift in Sources */ = {isa = PBXBuildFile; fileRef = 1D7E5AAF2CF7ED930019094A /* Currency.swift */; };
		1D7E5AB22CF7EDB90019094A /* Constants.swift in Sources */ = {isa = PBXBuildFile; fileRef = 1D7E5AB12CF7EDB90019094A /* Constants.swift */; };
		1D7E5AB82CF7F2800019094A /* UserHeaderView.swift in Sources */ = {isa = PBXBuildFile; fileRef = 1D7E5AB72CF7F2800019094A /* UserHeaderView.swift */; };
		1D7E5ABA2CF7F50C0019094A /* AccountScrollView.swift in Sources */ = {isa = PBXBuildFile; fileRef = 1D7E5AB92CF7F50C0019094A /* AccountScrollView.swift */; };
		1DB4DF292D21A50000570036 /* TransferCalculator.swift in Sources */ = {isa = PBXBuildFile; fileRef = 1DB4DF282D21A50000570036 /* TransferCalculator.swift */; };
		1DB4DF302D21E99900570036 /* AccountModel.swift in Sources */ = {isa = PBXBuildFile; fileRef = 1DB4DF2F2D21E99900570036 /* AccountModel.swift */; };
		1DB4DF352D21F38100570036 /* AuthModel.swift in Sources */ = {isa = PBXBuildFile; fileRef = 1DB4DF342D21F38100570036 /* AuthModel.swift */; };
		1DB4DF372D21F4F100570036 /* WebServiceError.swift in Sources */ = {isa = PBXBuildFile; fileRef = 1DB4DF362D21F4F100570036 /* WebServiceError.swift */; };
		1DB4DF412D21FC3300570036 /* HomeView.swift in Sources */ = {isa = PBXBuildFile; fileRef = 1DB4DF402D21FC3300570036 /* HomeView.swift */; };
		1DB4DF432D22011000570036 /* HistoryView.swift in Sources */ = {isa = PBXBuildFile; fileRef = 1DB4DF422D22011000570036 /* HistoryView.swift */; };
		1DB4DF452D22012500570036 /* SettingsView.swift in Sources */ = {isa = PBXBuildFile; fileRef = 1DB4DF442D22012500570036 /* SettingsView.swift */; };
		1DB4DF472D22042C00570036 /* TabbedItems.swift in Sources */ = {isa = PBXBuildFile; fileRef = 1DB4DF462D22042C00570036 /* TabbedItems.swift */; };
		1DC302922D15F2CA0024E758 /* userAccounts.json in Resources */ = {isa = PBXBuildFile; fileRef = 1DC302912D15F2CA0024E758 /* userAccounts.json */; };
		1DC302942D15F6690024E758 /* exchangeOperation.json in Resources */ = {isa = PBXBuildFile; fileRef = 1DC302932D15F6690024E758 /* exchangeOperation.json */; };
		1DC302982D15FB000024E758 /* Account.swift in Sources */ = {isa = PBXBuildFile; fileRef = 1DC302972D15FB000024E758 /* Account.swift */; };
		F07BBC932D2EFF29008EF96D /* WebService.swift in Sources */ = {isa = PBXBuildFile; fileRef = F07BBC922D2EFF29008EF96D /* WebService.swift */; };
		F07F402F2D318F5F00DAB153 /* SellView.swift in Sources */ = {isa = PBXBuildFile; fileRef = F07F402E2D318F5F00DAB153 /* SellView.swift */; };
		F0CE13E32D2FF3AB003B6944 /* CurrencyModel.swift in Sources */ = {isa = PBXBuildFile; fileRef = F0CE13E22D2FF3AB003B6944 /* CurrencyModel.swift */; };
/* End PBXBuildFile section */

/* Begin PBXFileReference section */
		1D0818B02D22E45F003D2A32 /* USDexchanges.json */ = {isa = PBXFileReference; lastKnownFileType = text.json; path = USDexchanges.json; sourceTree = "<group>"; };
		1D0818B22D22E47F003D2A32 /* PLNexchanges.json */ = {isa = PBXFileReference; lastKnownFileType = text.json; path = PLNexchanges.json; sourceTree = "<group>"; };
		1D0818B42D22E53C003D2A32 /* EURexchanges.json */ = {isa = PBXFileReference; lastKnownFileType = text.json; path = EURexchanges.json; sourceTree = "<group>"; };
		1D0818B62D22E663003D2A32 /* GBPexchanges.json */ = {isa = PBXFileReference; lastKnownFileType = text.json; path = GBPexchanges.json; sourceTree = "<group>"; };
		1D0818BA2D22ED09003D2A32 /* ExchangeModel.swift */ = {isa = PBXFileReference; lastKnownFileType = sourcecode.swift; path = ExchangeModel.swift; sourceTree = "<group>"; };
		1D0818BC2D230022003D2A32 /* ExchangeRow.swift */ = {isa = PBXFileReference; lastKnownFileType = sourcecode.swift; path = ExchangeRow.swift; sourceTree = "<group>"; };
		1D0818BE2D230181003D2A32 /* ExchangeDetailView.swift */ = {isa = PBXFileReference; lastKnownFileType = sourcecode.swift; path = ExchangeDetailView.swift; sourceTree = "<group>"; };
		1D0E68E62D20777300E948E4 /* CurrencyCode.swift */ = {isa = PBXFileReference; lastKnownFileType = sourcecode.swift; path = CurrencyCode.swift; sourceTree = "<group>"; };
		1D0E68EA2D207BF900E948E4 /* Rate.swift */ = {isa = PBXFileReference; lastKnownFileType = sourcecode.swift; path = Rate.swift; sourceTree = "<group>"; };
		1D0E68ED2D20850500E948E4 /* User.swift */ = {isa = PBXFileReference; lastKnownFileType = sourcecode.swift; path = User.swift; sourceTree = "<group>"; };
		1D0E68EF2D20949700E948E4 /* CustomLineChart.swift */ = {isa = PBXFileReference; lastKnownFileType = sourcecode.swift; path = CustomLineChart.swift; sourceTree = "<group>"; };
		1D1F280F2D24FB1A00A083D0 /* BuyView.swift */ = {isa = PBXFileReference; lastKnownFileType = sourcecode.swift; path = BuyView.swift; sourceTree = "<group>"; };
		1D1F28122D25081F00A083D0 /* Login.swift */ = {isa = PBXFileReference; lastKnownFileType = sourcecode.swift; path = Login.swift; sourceTree = "<group>"; };
		1D24ADDE2CE6591300E9819E /* ExchangeApplication.app */ = {isa = PBXFileReference; explicitFileType = wrapper.application; includeInIndex = 0; path = ExchangeApplication.app; sourceTree = BUILT_PRODUCTS_DIR; };
		1D24ADE12CE6591300E9819E /* ExchangeApplicationApp.swift */ = {isa = PBXFileReference; lastKnownFileType = sourcecode.swift; path = ExchangeApplicationApp.swift; sourceTree = "<group>"; };
		1D24ADE32CE6591300E9819E /* ContentView.swift */ = {isa = PBXFileReference; lastKnownFileType = sourcecode.swift; path = ContentView.swift; sourceTree = "<group>"; };
		1D24ADE52CE6591500E9819E /* Assets.xcassets */ = {isa = PBXFileReference; lastKnownFileType = folder.assetcatalog; path = Assets.xcassets; sourceTree = "<group>"; };
		1D24ADE82CE6591500E9819E /* Preview Assets.xcassets */ = {isa = PBXFileReference; lastKnownFileType = folder.assetcatalog; path = "Preview Assets.xcassets"; sourceTree = "<group>"; };
		1D703C972D172D90001867C2 /* CreateNewAccountView.swift */ = {isa = PBXFileReference; lastKnownFileType = sourcecode.swift; path = CreateNewAccountView.swift; sourceTree = "<group>"; };
		1D703C9A2D172E59001867C2 /* AccountCardView.swift */ = {isa = PBXFileReference; lastKnownFileType = sourcecode.swift; path = AccountCardView.swift; sourceTree = "<group>"; };
		1D703C9C2D172F81001867C2 /* AccountDetailView.swift */ = {isa = PBXFileReference; lastKnownFileType = sourcecode.swift; path = AccountDetailView.swift; sourceTree = "<group>"; };
		1D703CA02D1731D8001867C2 /* singleCurrencyByPeriod.json */ = {isa = PBXFileReference; lastKnownFileType = text.json; path = singleCurrencyByPeriod.json; sourceTree = "<group>"; };
		1D703CA22D1732F8001867C2 /* Exchange.swift */ = {isa = PBXFileReference; lastKnownFileType = sourcecode.swift; path = Exchange.swift; sourceTree = "<group>"; };
		1D73B9EB2D29AA5000860CDD /* Test.swift */ = {isa = PBXFileReference; lastKnownFileType = sourcecode.swift; path = Test.swift; sourceTree = "<group>"; };
		1D7547FE2D1F0E2300FEBE08 /* CustomPickerView.swift */ = {isa = PBXFileReference; lastKnownFileType = sourcecode.swift; path = CustomPickerView.swift; sourceTree = "<group>"; };
		1D7E5AA82CF7EC6F0019094A /* allCurrencies.json */ = {isa = PBXFileReference; lastKnownFileType = text.json; path = allCurrencies.json; sourceTree = "<group>"; };
		1D7E5AAD2CF7ED830019094A /* LocalService.swift */ = {isa = PBXFileReference; lastKnownFileType = sourcecode.swift; path = LocalService.swift; sourceTree = "<group>"; };
		1D7E5AAF2CF7ED930019094A /* Currency.swift */ = {isa = PBXFileReference; lastKnownFileType = sourcecode.swift; path = Currency.swift; sourceTree = "<group>"; };
		1D7E5AB12CF7EDB90019094A /* Constants.swift */ = {isa = PBXFileReference; lastKnownFileType = sourcecode.swift; path = Constants.swift; sourceTree = "<group>"; };
		1D7E5AB72CF7F2800019094A /* UserHeaderView.swift */ = {isa = PBXFileReference; lastKnownFileType = sourcecode.swift; path = UserHeaderView.swift; sourceTree = "<group>"; };
		1D7E5AB92CF7F50C0019094A /* AccountScrollView.swift */ = {isa = PBXFileReference; lastKnownFileType = sourcecode.swift; path = AccountScrollView.swift; sourceTree = "<group>"; };
		1DB4DF282D21A50000570036 /* TransferCalculator.swift */ = {isa = PBXFileReference; lastKnownFileType = sourcecode.swift; path = TransferCalculator.swift; sourceTree = "<group>"; };
		1DB4DF2F2D21E99900570036 /* AccountModel.swift */ = {isa = PBXFileReference; lastKnownFileType = sourcecode.swift; path = AccountModel.swift; sourceTree = "<group>"; };
		1DB4DF342D21F38100570036 /* AuthModel.swift */ = {isa = PBXFileReference; lastKnownFileType = sourcecode.swift; path = AuthModel.swift; sourceTree = "<group>"; };
		1DB4DF362D21F4F100570036 /* WebServiceError.swift */ = {isa = PBXFileReference; lastKnownFileType = sourcecode.swift; path = WebServiceError.swift; sourceTree = "<group>"; };
		1DB4DF402D21FC3300570036 /* HomeView.swift */ = {isa = PBXFileReference; lastKnownFileType = sourcecode.swift; path = HomeView.swift; sourceTree = "<group>"; };
		1DB4DF422D22011000570036 /* HistoryView.swift */ = {isa = PBXFileReference; lastKnownFileType = sourcecode.swift; path = HistoryView.swift; sourceTree = "<group>"; };
		1DB4DF442D22012500570036 /* SettingsView.swift */ = {isa = PBXFileReference; lastKnownFileType = sourcecode.swift; path = SettingsView.swift; sourceTree = "<group>"; };
		1DB4DF462D22042C00570036 /* TabbedItems.swift */ = {isa = PBXFileReference; lastKnownFileType = sourcecode.swift; path = TabbedItems.swift; sourceTree = "<group>"; };
		1DC302912D15F2CA0024E758 /* userAccounts.json */ = {isa = PBXFileReference; lastKnownFileType = text.json; path = userAccounts.json; sourceTree = "<group>"; };
		1DC302932D15F6690024E758 /* exchangeOperation.json */ = {isa = PBXFileReference; lastKnownFileType = text.json; path = exchangeOperation.json; sourceTree = "<group>"; };
		1DC302972D15FB000024E758 /* Account.swift */ = {isa = PBXFileReference; lastKnownFileType = sourcecode.swift; path = Account.swift; sourceTree = "<group>"; };
		F07BBC922D2EFF29008EF96D /* WebService.swift */ = {isa = PBXFileReference; lastKnownFileType = sourcecode.swift; path = WebService.swift; sourceTree = "<group>"; };
		F07F402E2D318F5F00DAB153 /* SellView.swift */ = {isa = PBXFileReference; lastKnownFileType = sourcecode.swift; path = SellView.swift; sourceTree = "<group>"; };
		F0CE13E22D2FF3AB003B6944 /* CurrencyModel.swift */ = {isa = PBXFileReference; lastKnownFileType = sourcecode.swift; path = CurrencyModel.swift; sourceTree = "<group>"; };
/* End PBXFileReference section */

/* Begin PBXFrameworksBuildPhase section */
		1D24ADDB2CE6591300E9819E /* Frameworks */ = {
			isa = PBXFrameworksBuildPhase;
			buildActionMask = 2147483647;
			files = (
			);
			runOnlyForDeploymentPostprocessing = 0;
		};
/* End PBXFrameworksBuildPhase section */

/* Begin PBXGroup section */
		1D0E68E32D20771300E948E4 /* After */ = {
			isa = PBXGroup;
			children = (
				1D0E68E52D20772400E948E4 /* Enum */,
				1D7E5AA32CF7EBDE0019094A /* Helper */,
				1D7E5AA52CF7EBED0019094A /* Service */,
				1D0E68E42D20771B00E948E4 /* Models */,
				1DB4DF2E2D21E98A00570036 /* ViewModels */,
				1D7E5AA72CF7EBFC0019094A /* Views */,
			);
			path = After;
			sourceTree = "<group>";
		};
		1D0E68E42D20771B00E948E4 /* Models */ = {
			isa = PBXGroup;
			children = (
				1D0E68EA2D207BF900E948E4 /* Rate.swift */,
				1DC302972D15FB000024E758 /* Account.swift */,
				1D0E68ED2D20850500E948E4 /* User.swift */,
				1D7E5AAF2CF7ED930019094A /* Currency.swift */,
				1D703CA22D1732F8001867C2 /* Exchange.swift */,
			);
			path = Models;
			sourceTree = "<group>";
		};
		1D0E68E52D20772400E948E4 /* Enum */ = {
			isa = PBXGroup;
			children = (
				1D0E68E62D20777300E948E4 /* CurrencyCode.swift */,
				1DB4DF362D21F4F100570036 /* WebServiceError.swift */,
				1DB4DF462D22042C00570036 /* TabbedItems.swift */,
			);
			path = Enum;
			sourceTree = "<group>";
		};
		1D1F280E2D24FB0000A083D0 /* Exchange */ = {
			isa = PBXGroup;
			children = (
				1D1F280F2D24FB1A00A083D0 /* BuyView.swift */,
				F07F402E2D318F5F00DAB153 /* SellView.swift */,
			);
			path = Exchange;
			sourceTree = "<group>";
		};
		1D1F28112D25079E00A083D0 /* Auth */ = {
			isa = PBXGroup;
			children = (
				1D1F28122D25081F00A083D0 /* Login.swift */,
			);
			path = Auth;
			sourceTree = "<group>";
		};
		1D24ADD52CE6591300E9819E = {
			isa = PBXGroup;
			children = (
				1D24ADE02CE6591300E9819E /* ExchangeApplication */,
				1D24ADDF2CE6591300E9819E /* Products */,
			);
			sourceTree = "<group>";
		};
		1D24ADDF2CE6591300E9819E /* Products */ = {
			isa = PBXGroup;
			children = (
				1D24ADDE2CE6591300E9819E /* ExchangeApplication.app */,
			);
			name = Products;
			sourceTree = "<group>";
		};
		1D24ADE02CE6591300E9819E /* ExchangeApplication */ = {
			isa = PBXGroup;
			children = (
				1D0E68E32D20771300E948E4 /* After */,
				1D24ADE12CE6591300E9819E /* ExchangeApplicationApp.swift */,
				1D24ADE32CE6591300E9819E /* ContentView.swift */,
				1D24ADE52CE6591500E9819E /* Assets.xcassets */,
				1D24ADE72CE6591500E9819E /* Preview Content */,
				1D7E5AA82CF7EC6F0019094A /* allCurrencies.json */,
				1DC302912D15F2CA0024E758 /* userAccounts.json */,
				1DC302932D15F6690024E758 /* exchangeOperation.json */,
				1D703CA02D1731D8001867C2 /* singleCurrencyByPeriod.json */,
				1D0818B22D22E47F003D2A32 /* PLNexchanges.json */,
				1D0818B42D22E53C003D2A32 /* EURexchanges.json */,
				1D0818B02D22E45F003D2A32 /* USDexchanges.json */,
				1D0818B62D22E663003D2A32 /* GBPexchanges.json */,
			);
			path = ExchangeApplication;
			sourceTree = "<group>";
		};
		1D24ADE72CE6591500E9819E /* Preview Content */ = {
			isa = PBXGroup;
			children = (
				1D24ADE82CE6591500E9819E /* Preview Assets.xcassets */,
			);
			path = "Preview Content";
			sourceTree = "<group>";
		};
		1D703C992D172E28001867C2 /* Accounts */ = {
			isa = PBXGroup;
			children = (
				1D7E5AB92CF7F50C0019094A /* AccountScrollView.swift */,
				1D703C9A2D172E59001867C2 /* AccountCardView.swift */,
				1D703C9C2D172F81001867C2 /* AccountDetailView.swift */,
				1D703C972D172D90001867C2 /* CreateNewAccountView.swift */,
			);
			path = Accounts;
			sourceTree = "<group>";
		};
		1D7E5AA32CF7EBDE0019094A /* Helper */ = {
			isa = PBXGroup;
			children = (
				1D7E5AB12CF7EDB90019094A /* Constants.swift */,
			);
			path = Helper;
			sourceTree = "<group>";
		};
		1D7E5AA52CF7EBED0019094A /* Service */ = {
			isa = PBXGroup;
			children = (
				1D7E5AAD2CF7ED830019094A /* LocalService.swift */,
				F07BBC922D2EFF29008EF96D /* WebService.swift */,
			);
			path = Service;
			sourceTree = "<group>";
		};
		1D7E5AA72CF7EBFC0019094A /* Views */ = {
			isa = PBXGroup;
			children = (
				1D1F28112D25079E00A083D0 /* Auth */,
				1DB4DF3B2D21FA7600570036 /* CustomComponents */,
				1DB4DF3A2D21FA2D00570036 /* Settings */,
				1DB4DF392D21FA2600570036 /* History */,
				1DB4DF382D21FA2000570036 /* Home */,
				1D73B9EB2D29AA5000860CDD /* Test.swift */,
			);
			path = Views;
			sourceTree = "<group>";
		};
		1DB4DF2E2D21E98A00570036 /* ViewModels */ = {
			isa = PBXGroup;
			children = (
				1DB4DF342D21F38100570036 /* AuthModel.swift */,
				1DB4DF2F2D21E99900570036 /* AccountModel.swift */,
				F0CE13E22D2FF3AB003B6944 /* CurrencyModel.swift */,
				1D0818BA2D22ED09003D2A32 /* ExchangeModel.swift */,
			);
			path = ViewModels;
			sourceTree = "<group>";
		};
		1DB4DF382D21FA2000570036 /* Home */ = {
			isa = PBXGroup;
			children = (
				1D1F280E2D24FB0000A083D0 /* Exchange */,
				1DB4DF3C2D21FB2800570036 /* User */,
				1D703C992D172E28001867C2 /* Accounts */,
				1DB4DF3E2D21FB5300570036 /* TransferCalculator */,
				1DB4DF402D21FC3300570036 /* HomeView.swift */,
			);
			path = Home;
			sourceTree = "<group>";
		};
		1DB4DF392D21FA2600570036 /* History */ = {
			isa = PBXGroup;
			children = (
				1DB4DF422D22011000570036 /* HistoryView.swift */,
			);
			path = History;
			sourceTree = "<group>";
		};
		1DB4DF3A2D21FA2D00570036 /* Settings */ = {
			isa = PBXGroup;
			children = (
				1DB4DF442D22012500570036 /* SettingsView.swift */,
			);
			path = Settings;
			sourceTree = "<group>";
		};
		1DB4DF3B2D21FA7600570036 /* CustomComponents */ = {
			isa = PBXGroup;
			children = (
				1D0818BC2D230022003D2A32 /* ExchangeRow.swift */,
				1D0818BE2D230181003D2A32 /* ExchangeDetailView.swift */,
			);
			path = CustomComponents;
			sourceTree = "<group>";
		};
		1DB4DF3C2D21FB2800570036 /* User */ = {
			isa = PBXGroup;
			children = (
				1D7E5AB72CF7F2800019094A /* UserHeaderView.swift */,
			);
			path = User;
			sourceTree = "<group>";
		};
		1DB4DF3E2D21FB5300570036 /* TransferCalculator */ = {
			isa = PBXGroup;
			children = (
				1DB4DF282D21A50000570036 /* TransferCalculator.swift */,
				1D0E68EF2D20949700E948E4 /* CustomLineChart.swift */,
				1D7547FE2D1F0E2300FEBE08 /* CustomPickerView.swift */,
			);
			path = TransferCalculator;
			sourceTree = "<group>";
		};
/* End PBXGroup section */

/* Begin PBXNativeTarget section */
		1D24ADDD2CE6591300E9819E /* ExchangeApplication */ = {
			isa = PBXNativeTarget;
			buildConfigurationList = 1D24ADEC2CE6591500E9819E /* Build configuration list for PBXNativeTarget "ExchangeApplication" */;
			buildPhases = (
				1D24ADDA2CE6591300E9819E /* Sources */,
				1D24ADDB2CE6591300E9819E /* Frameworks */,
				1D24ADDC2CE6591300E9819E /* Resources */,
			);
			buildRules = (
			);
			dependencies = (
			);
			name = ExchangeApplication;
			productName = ExchangeApplication;
			productReference = 1D24ADDE2CE6591300E9819E /* ExchangeApplication.app */;
			productType = "com.apple.product-type.application";
		};
/* End PBXNativeTarget section */

/* Begin PBXProject section */
		1D24ADD62CE6591300E9819E /* Project object */ = {
			isa = PBXProject;
			attributes = {
				BuildIndependentTargetsInParallel = 1;
				LastSwiftUpdateCheck = 1520;
				LastUpgradeCheck = 1520;
				TargetAttributes = {
					1D24ADDD2CE6591300E9819E = {
						CreatedOnToolsVersion = 15.2;
					};
				};
			};
			buildConfigurationList = 1D24ADD92CE6591300E9819E /* Build configuration list for PBXProject "ExchangeApplication" */;
			compatibilityVersion = "Xcode 14.0";
			developmentRegion = en;
			hasScannedForEncodings = 0;
			knownRegions = (
				en,
				Base,
			);
			mainGroup = 1D24ADD52CE6591300E9819E;
			productRefGroup = 1D24ADDF2CE6591300E9819E /* Products */;
			projectDirPath = "";
			projectRoot = "";
			targets = (
				1D24ADDD2CE6591300E9819E /* ExchangeApplication */,
			);
		};
/* End PBXProject section */

/* Begin PBXResourcesBuildPhase section */
		1D24ADDC2CE6591300E9819E /* Resources */ = {
			isa = PBXResourcesBuildPhase;
			buildActionMask = 2147483647;
			files = (
				1D24ADE92CE6591500E9819E /* Preview Assets.xcassets in Resources */,
				1D0818B32D22E47F003D2A32 /* PLNexchanges.json in Resources */,
				1DC302922D15F2CA0024E758 /* userAccounts.json in Resources */,
				1DC302942D15F6690024E758 /* exchangeOperation.json in Resources */,
				1D0818B72D22E663003D2A32 /* GBPexchanges.json in Resources */,
				1D24ADE62CE6591500E9819E /* Assets.xcassets in Resources */,
				1D703CA12D1731D8001867C2 /* singleCurrencyByPeriod.json in Resources */,
				1D0818B52D22E53C003D2A32 /* EURexchanges.json in Resources */,
				1D7E5AA92CF7EC6F0019094A /* allCurrencies.json in Resources */,
				1D0818B12D22E45F003D2A32 /* USDexchanges.json in Resources */,
			);
			runOnlyForDeploymentPostprocessing = 0;
		};
/* End PBXResourcesBuildPhase section */

/* Begin PBXSourcesBuildPhase section */
		1D24ADDA2CE6591300E9819E /* Sources */ = {
			isa = PBXSourcesBuildPhase;
			buildActionMask = 2147483647;
			files = (
				1D0818BB2D22ED09003D2A32 /* ExchangeModel.swift in Sources */,
				1D1F28132D25081F00A083D0 /* Login.swift in Sources */,
				1D24ADE42CE6591300E9819E /* ContentView.swift in Sources */,
				1D7547FF2D1F0E2300FEBE08 /* CustomPickerView.swift in Sources */,
				F07F402F2D318F5F00DAB153 /* SellView.swift in Sources */,
				1D7E5AB02CF7ED930019094A /* Currency.swift in Sources */,
				1D0818BF2D230181003D2A32 /* ExchangeDetailView.swift in Sources */,
				F0CE13E32D2FF3AB003B6944 /* CurrencyModel.swift in Sources */,
				1DB4DF412D21FC3300570036 /* HomeView.swift in Sources */,
				1D7E5AAE2CF7ED830019094A /* LocalService.swift in Sources */,
				1D703C9D2D172F81001867C2 /* AccountDetailView.swift in Sources */,
				1DB4DF302D21E99900570036 /* AccountModel.swift in Sources */,
				1D703C982D172D90001867C2 /* CreateNewAccountView.swift in Sources */,
				1D0E68EB2D207BF900E948E4 /* Rate.swift in Sources */,
				1D703CA32D1732F8001867C2 /* Exchange.swift in Sources */,
				1DB4DF472D22042C00570036 /* TabbedItems.swift in Sources */,
				1D73B9EC2D29AA5000860CDD /* Test.swift in Sources */,
				F07BBC932D2EFF29008EF96D /* WebService.swift in Sources */,
				1D0E68E72D20777300E948E4 /* CurrencyCode.swift in Sources */,
				1DC302982D15FB000024E758 /* Account.swift in Sources */,
				1D0818BD2D230022003D2A32 /* ExchangeRow.swift in Sources */,
				1D7E5ABA2CF7F50C0019094A /* AccountScrollView.swift in Sources */,
				1DB4DF372D21F4F100570036 /* WebServiceError.swift in Sources */,
				1D1F28102D24FB1A00A083D0 /* BuyView.swift in Sources */,
				1DB4DF432D22011000570036 /* HistoryView.swift in Sources */,
				1D24ADE22CE6591300E9819E /* ExchangeApplicationApp.swift in Sources */,
				1DB4DF352D21F38100570036 /* AuthModel.swift in Sources */,
				1D7E5AB22CF7EDB90019094A /* Constants.swift in Sources */,
				1DB4DF452D22012500570036 /* SettingsView.swift in Sources */,
				1D7E5AB82CF7F2800019094A /* UserHeaderView.swift in Sources */,
				1DB4DF292D21A50000570036 /* TransferCalculator.swift in Sources */,
				1D0E68EE2D20850500E948E4 /* User.swift in Sources */,
				1D0E68F02D20949700E948E4 /* CustomLineChart.swift in Sources */,
				1D703C9B2D172E59001867C2 /* AccountCardView.swift in Sources */,
			);
			runOnlyForDeploymentPostprocessing = 0;
		};
/* End PBXSourcesBuildPhase section */

/* Begin XCBuildConfiguration section */
		1D24ADEA2CE6591500E9819E /* Debug */ = {
			isa = XCBuildConfiguration;
			buildSettings = {
				ALWAYS_SEARCH_USER_PATHS = NO;
				ASSETCATALOG_COMPILER_GENERATE_SWIFT_ASSET_SYMBOL_EXTENSIONS = YES;
				CLANG_ANALYZER_NONNULL = YES;
				CLANG_ANALYZER_NUMBER_OBJECT_CONVERSION = YES_AGGRESSIVE;
				CLANG_CXX_LANGUAGE_STANDARD = "gnu++20";
				CLANG_ENABLE_MODULES = YES;
				CLANG_ENABLE_OBJC_ARC = YES;
				CLANG_ENABLE_OBJC_WEAK = YES;
				CLANG_WARN_BLOCK_CAPTURE_AUTORELEASING = YES;
				CLANG_WARN_BOOL_CONVERSION = YES;
				CLANG_WARN_COMMA = YES;
				CLANG_WARN_CONSTANT_CONVERSION = YES;
				CLANG_WARN_DEPRECATED_OBJC_IMPLEMENTATIONS = YES;
				CLANG_WARN_DIRECT_OBJC_ISA_USAGE = YES_ERROR;
				CLANG_WARN_DOCUMENTATION_COMMENTS = YES;
				CLANG_WARN_EMPTY_BODY = YES;
				CLANG_WARN_ENUM_CONVERSION = YES;
				CLANG_WARN_INFINITE_RECURSION = YES;
				CLANG_WARN_INT_CONVERSION = YES;
				CLANG_WARN_NON_LITERAL_NULL_CONVERSION = YES;
				CLANG_WARN_OBJC_IMPLICIT_RETAIN_SELF = YES;
				CLANG_WARN_OBJC_LITERAL_CONVERSION = YES;
				CLANG_WARN_OBJC_ROOT_CLASS = YES_ERROR;
				CLANG_WARN_QUOTED_INCLUDE_IN_FRAMEWORK_HEADER = YES;
				CLANG_WARN_RANGE_LOOP_ANALYSIS = YES;
				CLANG_WARN_STRICT_PROTOTYPES = YES;
				CLANG_WARN_SUSPICIOUS_MOVE = YES;
				CLANG_WARN_UNGUARDED_AVAILABILITY = YES_AGGRESSIVE;
				CLANG_WARN_UNREACHABLE_CODE = YES;
				CLANG_WARN__DUPLICATE_METHOD_MATCH = YES;
				COPY_PHASE_STRIP = NO;
				DEBUG_INFORMATION_FORMAT = dwarf;
				ENABLE_STRICT_OBJC_MSGSEND = YES;
				ENABLE_TESTABILITY = YES;
				ENABLE_USER_SCRIPT_SANDBOXING = YES;
				GCC_C_LANGUAGE_STANDARD = gnu17;
				GCC_DYNAMIC_NO_PIC = NO;
				GCC_NO_COMMON_BLOCKS = YES;
				GCC_OPTIMIZATION_LEVEL = 0;
				GCC_PREPROCESSOR_DEFINITIONS = (
					"DEBUG=1",
					"$(inherited)",
				);
				GCC_WARN_64_TO_32_BIT_CONVERSION = YES;
				GCC_WARN_ABOUT_RETURN_TYPE = YES_ERROR;
				GCC_WARN_UNDECLARED_SELECTOR = YES;
				GCC_WARN_UNINITIALIZED_AUTOS = YES_AGGRESSIVE;
				GCC_WARN_UNUSED_FUNCTION = YES;
				GCC_WARN_UNUSED_VARIABLE = YES;
				IPHONEOS_DEPLOYMENT_TARGET = 17.2;
				LOCALIZATION_PREFERS_STRING_CATALOGS = YES;
				MTL_ENABLE_DEBUG_INFO = INCLUDE_SOURCE;
				MTL_FAST_MATH = YES;
				ONLY_ACTIVE_ARCH = YES;
				SDKROOT = iphoneos;
				SWIFT_ACTIVE_COMPILATION_CONDITIONS = "DEBUG $(inherited)";
				SWIFT_OPTIMIZATION_LEVEL = "-Onone";
			};
			name = Debug;
		};
		1D24ADEB2CE6591500E9819E /* Release */ = {
			isa = XCBuildConfiguration;
			buildSettings = {
				ALWAYS_SEARCH_USER_PATHS = NO;
				ASSETCATALOG_COMPILER_GENERATE_SWIFT_ASSET_SYMBOL_EXTENSIONS = YES;
				CLANG_ANALYZER_NONNULL = YES;
				CLANG_ANALYZER_NUMBER_OBJECT_CONVERSION = YES_AGGRESSIVE;
				CLANG_CXX_LANGUAGE_STANDARD = "gnu++20";
				CLANG_ENABLE_MODULES = YES;
				CLANG_ENABLE_OBJC_ARC = YES;
				CLANG_ENABLE_OBJC_WEAK = YES;
				CLANG_WARN_BLOCK_CAPTURE_AUTORELEASING = YES;
				CLANG_WARN_BOOL_CONVERSION = YES;
				CLANG_WARN_COMMA = YES;
				CLANG_WARN_CONSTANT_CONVERSION = YES;
				CLANG_WARN_DEPRECATED_OBJC_IMPLEMENTATIONS = YES;
				CLANG_WARN_DIRECT_OBJC_ISA_USAGE = YES_ERROR;
				CLANG_WARN_DOCUMENTATION_COMMENTS = YES;
				CLANG_WARN_EMPTY_BODY = YES;
				CLANG_WARN_ENUM_CONVERSION = YES;
				CLANG_WARN_INFINITE_RECURSION = YES;
				CLANG_WARN_INT_CONVERSION = YES;
				CLANG_WARN_NON_LITERAL_NULL_CONVERSION = YES;
				CLANG_WARN_OBJC_IMPLICIT_RETAIN_SELF = YES;
				CLANG_WARN_OBJC_LITERAL_CONVERSION = YES;
				CLANG_WARN_OBJC_ROOT_CLASS = YES_ERROR;
				CLANG_WARN_QUOTED_INCLUDE_IN_FRAMEWORK_HEADER = YES;
				CLANG_WARN_RANGE_LOOP_ANALYSIS = YES;
				CLANG_WARN_STRICT_PROTOTYPES = YES;
				CLANG_WARN_SUSPICIOUS_MOVE = YES;
				CLANG_WARN_UNGUARDED_AVAILABILITY = YES_AGGRESSIVE;
				CLANG_WARN_UNREACHABLE_CODE = YES;
				CLANG_WARN__DUPLICATE_METHOD_MATCH = YES;
				COPY_PHASE_STRIP = NO;
				DEBUG_INFORMATION_FORMAT = "dwarf-with-dsym";
				ENABLE_NS_ASSERTIONS = NO;
				ENABLE_STRICT_OBJC_MSGSEND = YES;
				ENABLE_USER_SCRIPT_SANDBOXING = YES;
				GCC_C_LANGUAGE_STANDARD = gnu17;
				GCC_NO_COMMON_BLOCKS = YES;
				GCC_WARN_64_TO_32_BIT_CONVERSION = YES;
				GCC_WARN_ABOUT_RETURN_TYPE = YES_ERROR;
				GCC_WARN_UNDECLARED_SELECTOR = YES;
				GCC_WARN_UNINITIALIZED_AUTOS = YES_AGGRESSIVE;
				GCC_WARN_UNUSED_FUNCTION = YES;
				GCC_WARN_UNUSED_VARIABLE = YES;
				IPHONEOS_DEPLOYMENT_TARGET = 17.2;
				LOCALIZATION_PREFERS_STRING_CATALOGS = YES;
				MTL_ENABLE_DEBUG_INFO = NO;
				MTL_FAST_MATH = YES;
				SDKROOT = iphoneos;
				SWIFT_COMPILATION_MODE = wholemodule;
				VALIDATE_PRODUCT = YES;
			};
			name = Release;
		};
		1D24ADED2CE6591500E9819E /* Debug */ = {
			isa = XCBuildConfiguration;
			buildSettings = {
				ASSETCATALOG_COMPILER_APPICON_NAME = AppIcon;
				ASSETCATALOG_COMPILER_GLOBAL_ACCENT_COLOR_NAME = AccentColor;
				CODE_SIGN_STYLE = Automatic;
				CURRENT_PROJECT_VERSION = 1;
				DEVELOPMENT_ASSET_PATHS = "\"ExchangeApplication/Preview Content\"";
				DEVELOPMENT_TEAM = J9YF63537C;
				ENABLE_PREVIEWS = YES;
				GENERATE_INFOPLIST_FILE = YES;
				INFOPLIST_KEY_UIApplicationSceneManifest_Generation = YES;
				INFOPLIST_KEY_UIApplicationSupportsIndirectInputEvents = YES;
				INFOPLIST_KEY_UILaunchScreen_Generation = YES;
				INFOPLIST_KEY_UISupportedInterfaceOrientations_iPad = "UIInterfaceOrientationPortrait UIInterfaceOrientationPortraitUpsideDown UIInterfaceOrientationLandscapeLeft UIInterfaceOrientationLandscapeRight";
				INFOPLIST_KEY_UISupportedInterfaceOrientations_iPhone = "UIInterfaceOrientationPortrait UIInterfaceOrientationLandscapeLeft UIInterfaceOrientationLandscapeRight";
				LD_RUNPATH_SEARCH_PATHS = (
					"$(inherited)",
					"@executable_path/Frameworks",
				);
				MARKETING_VERSION = 1.0;
				PRODUCT_BUNDLE_IDENTIFIER = com.huseyingundogdu.ExchangeApplication;
				PRODUCT_NAME = "$(TARGET_NAME)";
				SWIFT_EMIT_LOC_STRINGS = YES;
				SWIFT_VERSION = 5.0;
				TARGETED_DEVICE_FAMILY = "1,2";
			};
			name = Debug;
		};
		1D24ADEE2CE6591500E9819E /* Release */ = {
			isa = XCBuildConfiguration;
			buildSettings = {
				ASSETCATALOG_COMPILER_APPICON_NAME = AppIcon;
				ASSETCATALOG_COMPILER_GLOBAL_ACCENT_COLOR_NAME = AccentColor;
				CODE_SIGN_STYLE = Automatic;
				CURRENT_PROJECT_VERSION = 1;
				DEVELOPMENT_ASSET_PATHS = "\"ExchangeApplication/Preview Content\"";
				DEVELOPMENT_TEAM = J9YF63537C;
				ENABLE_PREVIEWS = YES;
				GENERATE_INFOPLIST_FILE = YES;
				INFOPLIST_KEY_UIApplicationSceneManifest_Generation = YES;
				INFOPLIST_KEY_UIApplicationSupportsIndirectInputEvents = YES;
				INFOPLIST_KEY_UILaunchScreen_Generation = YES;
				INFOPLIST_KEY_UISupportedInterfaceOrientations_iPad = "UIInterfaceOrientationPortrait UIInterfaceOrientationPortraitUpsideDown UIInterfaceOrientationLandscapeLeft UIInterfaceOrientationLandscapeRight";
				INFOPLIST_KEY_UISupportedInterfaceOrientations_iPhone = "UIInterfaceOrientationPortrait UIInterfaceOrientationLandscapeLeft UIInterfaceOrientationLandscapeRight";
				LD_RUNPATH_SEARCH_PATHS = (
					"$(inherited)",
					"@executable_path/Frameworks",
				);
				MARKETING_VERSION = 1.0;
				PRODUCT_BUNDLE_IDENTIFIER = com.huseyingundogdu.ExchangeApplication;
				PRODUCT_NAME = "$(TARGET_NAME)";
				SWIFT_EMIT_LOC_STRINGS = YES;
				SWIFT_VERSION = 5.0;
				TARGETED_DEVICE_FAMILY = "1,2";
			};
			name = Release;
		};
/* End XCBuildConfiguration section */

/* Begin XCConfigurationList section */
		1D24ADD92CE6591300E9819E /* Build configuration list for PBXProject "ExchangeApplication" */ = {
			isa = XCConfigurationList;
			buildConfigurations = (
				1D24ADEA2CE6591500E9819E /* Debug */,
				1D24ADEB2CE6591500E9819E /* Release */,
			);
			defaultConfigurationIsVisible = 0;
			defaultConfigurationName = Release;
		};
		1D24ADEC2CE6591500E9819E /* Build configuration list for PBXNativeTarget "ExchangeApplication" */ = {
			isa = XCConfigurationList;
			buildConfigurations = (
				1D24ADED2CE6591500E9819E /* Debug */,
				1D24ADEE2CE6591500E9819E /* Release */,
			);
			defaultConfigurationIsVisible = 0;
			defaultConfigurationName = Release;
		};
/* End XCConfigurationList section */
	};
	rootObject = 1D24ADD62CE6591300E9819E /* Project object */;
}
