// !$*UTF8*$!
{
	archiveVersion = 1;
	classes = {
	};
	objectVersion = 56;
	objects = {

/* Begin PBXBuildFile section */
		1D24ADE22CE6591300E9819E /* ExchangeApplicationApp.swift in Sources */ = {isa = PBXBuildFile; fileRef = 1D24ADE12CE6591300E9819E /* ExchangeApplicationApp.swift */; };
		1D24ADE42CE6591300E9819E /* ContentView.swift in Sources */ = {isa = PBXBuildFile; fileRef = 1D24ADE32CE6591300E9819E /* ContentView.swift */; };
		1D24ADE62CE6591500E9819E /* Assets.xcassets in Resources */ = {isa = PBXBuildFile; fileRef = 1D24ADE52CE6591500E9819E /* Assets.xcassets */; };
		1D24ADE92CE6591500E9819E /* Preview Assets.xcassets in Resources */ = {isa = PBXBuildFile; fileRef = 1D24ADE82CE6591500E9819E /* Preview Assets.xcassets */; };
		1D7E5AA92CF7EC6F0019094A /* allCurrencies.json in Resources */ = {isa = PBXBuildFile; fileRef = 1D7E5AA82CF7EC6F0019094A /* allCurrencies.json */; };
		1D7E5AAC2CF7ED6C0019094A /* CurrencyListView.swift in Sources */ = {isa = PBXBuildFile; fileRef = 1D7E5AAB2CF7ED6C0019094A /* CurrencyListView.swift */; };
		1D7E5AAE2CF7ED830019094A /* LocalService.swift in Sources */ = {isa = PBXBuildFile; fileRef = 1D7E5AAD2CF7ED830019094A /* LocalService.swift */; };
		1D7E5AB02CF7ED930019094A /* Currency.swift in Sources */ = {isa = PBXBuildFile; fileRef = 1D7E5AAF2CF7ED930019094A /* Currency.swift */; };
		1D7E5AB22CF7EDB90019094A /* Constants.swift in Sources */ = {isa = PBXBuildFile; fileRef = 1D7E5AB12CF7EDB90019094A /* Constants.swift */; };
		1D7E5AB42CF7EDDB0019094A /* CurrencyListViewModel.swift in Sources */ = {isa = PBXBuildFile; fileRef = 1D7E5AB32CF7EDDB0019094A /* CurrencyListViewModel.swift */; };
		1D7E5AB62CF7EDFC0019094A /* CurrencyListRow.swift in Sources */ = {isa = PBXBuildFile; fileRef = 1D7E5AB52CF7EDFC0019094A /* CurrencyListRow.swift */; };
/* End PBXBuildFile section */

/* Begin PBXFileReference section */
		1D24ADDE2CE6591300E9819E /* ExchangeApplication.app */ = {isa = PBXFileReference; explicitFileType = wrapper.application; includeInIndex = 0; path = ExchangeApplication.app; sourceTree = BUILT_PRODUCTS_DIR; };
		1D24ADE12CE6591300E9819E /* ExchangeApplicationApp.swift */ = {isa = PBXFileReference; lastKnownFileType = sourcecode.swift; path = ExchangeApplicationApp.swift; sourceTree = "<group>"; };
		1D24ADE32CE6591300E9819E /* ContentView.swift */ = {isa = PBXFileReference; lastKnownFileType = sourcecode.swift; path = ContentView.swift; sourceTree = "<group>"; };
		1D24ADE52CE6591500E9819E /* Assets.xcassets */ = {isa = PBXFileReference; lastKnownFileType = folder.assetcatalog; path = Assets.xcassets; sourceTree = "<group>"; };
		1D24ADE82CE6591500E9819E /* Preview Assets.xcassets */ = {isa = PBXFileReference; lastKnownFileType = folder.assetcatalog; path = "Preview Assets.xcassets"; sourceTree = "<group>"; };
		1D7E5AA82CF7EC6F0019094A /* allCurrencies.json */ = {isa = PBXFileReference; lastKnownFileType = text.json; path = allCurrencies.json; sourceTree = "<group>"; };
		1D7E5AAB2CF7ED6C0019094A /* CurrencyListView.swift */ = {isa = PBXFileReference; lastKnownFileType = sourcecode.swift; path = CurrencyListView.swift; sourceTree = "<group>"; };
		1D7E5AAD2CF7ED830019094A /* LocalService.swift */ = {isa = PBXFileReference; lastKnownFileType = sourcecode.swift; path = LocalService.swift; sourceTree = "<group>"; };
		1D7E5AAF2CF7ED930019094A /* Currency.swift */ = {isa = PBXFileReference; lastKnownFileType = sourcecode.swift; path = Currency.swift; sourceTree = "<group>"; };
		1D7E5AB12CF7EDB90019094A /* Constants.swift */ = {isa = PBXFileReference; lastKnownFileType = sourcecode.swift; path = Constants.swift; sourceTree = "<group>"; };
		1D7E5AB32CF7EDDB0019094A /* CurrencyListViewModel.swift */ = {isa = PBXFileReference; lastKnownFileType = sourcecode.swift; path = CurrencyListViewModel.swift; sourceTree = "<group>"; };
		1D7E5AB52CF7EDFC0019094A /* CurrencyListRow.swift */ = {isa = PBXFileReference; lastKnownFileType = sourcecode.swift; path = CurrencyListRow.swift; sourceTree = "<group>"; };
/* End PBXFileReference section */

/* Begin PBXFrameworksBuildPhase section */
		1D24ADDB2CE6591300E9819E /* Frameworks */ = {
			isa = PBXFrameworksBuildPhase;
			buildActionMask = 2147483647;
			files = (
			);
			runOnlyForDeploymentPostprocessing = 0;
		};
/* End PBXFrameworksBuildPhase section */

/* Begin PBXGroup section */
		1D24ADD52CE6591300E9819E = {
			isa = PBXGroup;
			children = (
				1D24ADE02CE6591300E9819E /* ExchangeApplication */,
				1D24ADDF2CE6591300E9819E /* Products */,
			);
			sourceTree = "<group>";
		};
		1D24ADDF2CE6591300E9819E /* Products */ = {
			isa = PBXGroup;
			children = (
				1D24ADDE2CE6591300E9819E /* ExchangeApplication.app */,
			);
			name = Products;
			sourceTree = "<group>";
		};
		1D24ADE02CE6591300E9819E /* ExchangeApplication */ = {
			isa = PBXGroup;
			children = (
				1D7E5AA72CF7EBFC0019094A /* Views */,
				1D7E5AA62CF7EBF10019094A /* ViewModels */,
				1D7E5AA52CF7EBED0019094A /* Service */,
				1D7E5AA42CF7EBE70019094A /* Models */,
				1D7E5AA32CF7EBDE0019094A /* Helper */,
				1D24ADE12CE6591300E9819E /* ExchangeApplicationApp.swift */,
				1D24ADE32CE6591300E9819E /* ContentView.swift */,
				1D24ADE52CE6591500E9819E /* Assets.xcassets */,
				1D24ADE72CE6591500E9819E /* Preview Content */,
				1D7E5AA82CF7EC6F0019094A /* allCurrencies.json */,
			);
			path = ExchangeApplication;
			sourceTree = "<group>";
		};
		1D24ADE72CE6591500E9819E /* Preview Content */ = {
			isa = PBXGroup;
			children = (
				1D24ADE82CE6591500E9819E /* Preview Assets.xcassets */,
			);
			path = "Preview Content";
			sourceTree = "<group>";
		};
		1D7E5AA32CF7EBDE0019094A /* Helper */ = {
			isa = PBXGroup;
			children = (
				1D7E5AB12CF7EDB90019094A /* Constants.swift */,
			);
			path = Helper;
			sourceTree = "<group>";
		};
		1D7E5AA42CF7EBE70019094A /* Models */ = {
			isa = PBXGroup;
			children = (
				1D7E5AAF2CF7ED930019094A /* Currency.swift */,
			);
			path = Models;
			sourceTree = "<group>";
		};
		1D7E5AA52CF7EBED0019094A /* Service */ = {
			isa = PBXGroup;
			children = (
				1D7E5AAD2CF7ED830019094A /* LocalService.swift */,
			);
			path = Service;
			sourceTree = "<group>";
		};
		1D7E5AA62CF7EBF10019094A /* ViewModels */ = {
			isa = PBXGroup;
			children = (
				1D7E5AB32CF7EDDB0019094A /* CurrencyListViewModel.swift */,
			);
			path = ViewModels;
			sourceTree = "<group>";
		};
		1D7E5AA72CF7EBFC0019094A /* Views */ = {
			isa = PBXGroup;
			children = (
				1D7E5AAB2CF7ED6C0019094A /* CurrencyListView.swift */,
				1D7E5AB52CF7EDFC0019094A /* CurrencyListRow.swift */,
			);
			path = Views;
			sourceTree = "<group>";
		};
/* End PBXGroup section */

/* Begin PBXNativeTarget section */
		1D24ADDD2CE6591300E9819E /* ExchangeApplication */ = {
			isa = PBXNativeTarget;
			buildConfigurationList = 1D24ADEC2CE6591500E9819E /* Build configuration list for PBXNativeTarget "ExchangeApplication" */;
			buildPhases = (
				1D24ADDA2CE6591300E9819E /* Sources */,
				1D24ADDB2CE6591300E9819E /* Frameworks */,
				1D24ADDC2CE6591300E9819E /* Resources */,
			);
			buildRules = (
			);
			dependencies = (
			);
			name = ExchangeApplication;
			productName = ExchangeApplication;
			productReference = 1D24ADDE2CE6591300E9819E /* ExchangeApplication.app */;
			productType = "com.apple.product-type.application";
		};
/* End PBXNativeTarget section */

/* Begin PBXProject section */
		1D24ADD62CE6591300E9819E /* Project object */ = {
			isa = PBXProject;
			attributes = {
				BuildIndependentTargetsInParallel = 1;
				LastSwiftUpdateCheck = 1520;
				LastUpgradeCheck = 1520;
				TargetAttributes = {
					1D24ADDD2CE6591300E9819E = {
						CreatedOnToolsVersion = 15.2;
					};
				};
			};
			buildConfigurationList = 1D24ADD92CE6591300E9819E /* Build configuration list for PBXProject "ExchangeApplication" */;
			compatibilityVersion = "Xcode 14.0";
			developmentRegion = en;
			hasScannedForEncodings = 0;
			knownRegions = (
				en,
				Base,
			);
			mainGroup = 1D24ADD52CE6591300E9819E;
			productRefGroup = 1D24ADDF2CE6591300E9819E /* Products */;
			projectDirPath = "";
			projectRoot = "";
			targets = (
				1D24ADDD2CE6591300E9819E /* ExchangeApplication */,
			);
		};
/* End PBXProject section */

/* Begin PBXResourcesBuildPhase section */
		1D24ADDC2CE6591300E9819E /* Resources */ = {
			isa = PBXResourcesBuildPhase;
			buildActionMask = 2147483647;
			files = (
				1D24ADE92CE6591500E9819E /* Preview Assets.xcassets in Resources */,
				1D24ADE62CE6591500E9819E /* Assets.xcassets in Resources */,
				1D7E5AA92CF7EC6F0019094A /* allCurrencies.json in Resources */,
			);
			runOnlyForDeploymentPostprocessing = 0;
		};
/* End PBXResourcesBuildPhase section */

/* Begin PBXSourcesBuildPhase section */
		1D24ADDA2CE6591300E9819E /* Sources */ = {
			isa = PBXSourcesBuildPhase;
			buildActionMask = 2147483647;
			files = (
				1D24ADE42CE6591300E9819E /* ContentView.swift in Sources */,
				1D7E5AB02CF7ED930019094A /* Currency.swift in Sources */,
				1D7E5AAE2CF7ED830019094A /* LocalService.swift in Sources */,
				1D7E5AAC2CF7ED6C0019094A /* CurrencyListView.swift in Sources */,
				1D24ADE22CE6591300E9819E /* ExchangeApplicationApp.swift in Sources */,
				1D7E5AB22CF7EDB90019094A /* Constants.swift in Sources */,
				1D7E5AB42CF7EDDB0019094A /* CurrencyListViewModel.swift in Sources */,
				1D7E5AB62CF7EDFC0019094A /* CurrencyListRow.swift in Sources */,
			);
			runOnlyForDeploymentPostprocessing = 0;
		};
/* End PBXSourcesBuildPhase section */

/* Begin XCBuildConfiguration section */
		1D24ADEA2CE6591500E9819E /* Debug */ = {
			isa = XCBuildConfiguration;
			buildSettings = {
				ALWAYS_SEARCH_USER_PATHS = NO;
				ASSETCATALOG_COMPILER_GENERATE_SWIFT_ASSET_SYMBOL_EXTENSIONS = YES;
				CLANG_ANALYZER_NONNULL = YES;
				CLANG_ANALYZER_NUMBER_OBJECT_CONVERSION = YES_AGGRESSIVE;
				CLANG_CXX_LANGUAGE_STANDARD = "gnu++20";
				CLANG_ENABLE_MODULES = YES;
				CLANG_ENABLE_OBJC_ARC = YES;
				CLANG_ENABLE_OBJC_WEAK = YES;
				CLANG_WARN_BLOCK_CAPTURE_AUTORELEASING = YES;
				CLANG_WARN_BOOL_CONVERSION = YES;
				CLANG_WARN_COMMA = YES;
				CLANG_WARN_CONSTANT_CONVERSION = YES;
				CLANG_WARN_DEPRECATED_OBJC_IMPLEMENTATIONS = YES;
				CLANG_WARN_DIRECT_OBJC_ISA_USAGE = YES_ERROR;
				CLANG_WARN_DOCUMENTATION_COMMENTS = YES;
				CLANG_WARN_EMPTY_BODY = YES;
				CLANG_WARN_ENUM_CONVERSION = YES;
				CLANG_WARN_INFINITE_RECURSION = YES;
				CLANG_WARN_INT_CONVERSION = YES;
				CLANG_WARN_NON_LITERAL_NULL_CONVERSION = YES;
				CLANG_WARN_OBJC_IMPLICIT_RETAIN_SELF = YES;
				CLANG_WARN_OBJC_LITERAL_CONVERSION = YES;
				CLANG_WARN_OBJC_ROOT_CLASS = YES_ERROR;
				CLANG_WARN_QUOTED_INCLUDE_IN_FRAMEWORK_HEADER = YES;
				CLANG_WARN_RANGE_LOOP_ANALYSIS = YES;
				CLANG_WARN_STRICT_PROTOTYPES = YES;
				CLANG_WARN_SUSPICIOUS_MOVE = YES;
				CLANG_WARN_UNGUARDED_AVAILABILITY = YES_AGGRESSIVE;
				CLANG_WARN_UNREACHABLE_CODE = YES;
				CLANG_WARN__DUPLICATE_METHOD_MATCH = YES;
				COPY_PHASE_STRIP = NO;
				DEBUG_INFORMATION_FORMAT = dwarf;
				ENABLE_STRICT_OBJC_MSGSEND = YES;
				ENABLE_TESTABILITY = YES;
				ENABLE_USER_SCRIPT_SANDBOXING = YES;
				GCC_C_LANGUAGE_STANDARD = gnu17;
				GCC_DYNAMIC_NO_PIC = NO;
				GCC_NO_COMMON_BLOCKS = YES;
				GCC_OPTIMIZATION_LEVEL = 0;
				GCC_PREPROCESSOR_DEFINITIONS = (
					"DEBUG=1",
					"$(inherited)",
				);
				GCC_WARN_64_TO_32_BIT_CONVERSION = YES;
				GCC_WARN_ABOUT_RETURN_TYPE = YES_ERROR;
				GCC_WARN_UNDECLARED_SELECTOR = YES;
				GCC_WARN_UNINITIALIZED_AUTOS = YES_AGGRESSIVE;
				GCC_WARN_UNUSED_FUNCTION = YES;
				GCC_WARN_UNUSED_VARIABLE = YES;
				IPHONEOS_DEPLOYMENT_TARGET = 17.2;
				LOCALIZATION_PREFERS_STRING_CATALOGS = YES;
				MTL_ENABLE_DEBUG_INFO = INCLUDE_SOURCE;
				MTL_FAST_MATH = YES;
				ONLY_ACTIVE_ARCH = YES;
				SDKROOT = iphoneos;
				SWIFT_ACTIVE_COMPILATION_CONDITIONS = "DEBUG $(inherited)";
				SWIFT_OPTIMIZATION_LEVEL = "-Onone";
			};
			name = Debug;
		};
		1D24ADEB2CE6591500E9819E /* Release */ = {
			isa = XCBuildConfiguration;
			buildSettings = {
				ALWAYS_SEARCH_USER_PATHS = NO;
				ASSETCATALOG_COMPILER_GENERATE_SWIFT_ASSET_SYMBOL_EXTENSIONS = YES;
				CLANG_ANALYZER_NONNULL = YES;
				CLANG_ANALYZER_NUMBER_OBJECT_CONVERSION = YES_AGGRESSIVE;
				CLANG_CXX_LANGUAGE_STANDARD = "gnu++20";
				CLANG_ENABLE_MODULES = YES;
				CLANG_ENABLE_OBJC_ARC = YES;
				CLANG_ENABLE_OBJC_WEAK = YES;
				CLANG_WARN_BLOCK_CAPTURE_AUTORELEASING = YES;
				CLANG_WARN_BOOL_CONVERSION = YES;
				CLANG_WARN_COMMA = YES;
				CLANG_WARN_CONSTANT_CONVERSION = YES;
				CLANG_WARN_DEPRECATED_OBJC_IMPLEMENTATIONS = YES;
				CLANG_WARN_DIRECT_OBJC_ISA_USAGE = YES_ERROR;
				CLANG_WARN_DOCUMENTATION_COMMENTS = YES;
				CLANG_WARN_EMPTY_BODY = YES;
				CLANG_WARN_ENUM_CONVERSION = YES;
				CLANG_WARN_INFINITE_RECURSION = YES;
				CLANG_WARN_INT_CONVERSION = YES;
				CLANG_WARN_NON_LITERAL_NULL_CONVERSION = YES;
				CLANG_WARN_OBJC_IMPLICIT_RETAIN_SELF = YES;
				CLANG_WARN_OBJC_LITERAL_CONVERSION = YES;
				CLANG_WARN_OBJC_ROOT_CLASS = YES_ERROR;
				CLANG_WARN_QUOTED_INCLUDE_IN_FRAMEWORK_HEADER = YES;
				CLANG_WARN_RANGE_LOOP_ANALYSIS = YES;
				CLANG_WARN_STRICT_PROTOTYPES = YES;
				CLANG_WARN_SUSPICIOUS_MOVE = YES;
				CLANG_WARN_UNGUARDED_AVAILABILITY = YES_AGGRESSIVE;
				CLANG_WARN_UNREACHABLE_CODE = YES;
				CLANG_WARN__DUPLICATE_METHOD_MATCH = YES;
				COPY_PHASE_STRIP = NO;
				DEBUG_INFORMATION_FORMAT = "dwarf-with-dsym";
				ENABLE_NS_ASSERTIONS = NO;
				ENABLE_STRICT_OBJC_MSGSEND = YES;
				ENABLE_USER_SCRIPT_SANDBOXING = YES;
				GCC_C_LANGUAGE_STANDARD = gnu17;
				GCC_NO_COMMON_BLOCKS = YES;
				GCC_WARN_64_TO_32_BIT_CONVERSION = YES;
				GCC_WARN_ABOUT_RETURN_TYPE = YES_ERROR;
				GCC_WARN_UNDECLARED_SELECTOR = YES;
				GCC_WARN_UNINITIALIZED_AUTOS = YES_AGGRESSIVE;
				GCC_WARN_UNUSED_FUNCTION = YES;
				GCC_WARN_UNUSED_VARIABLE = YES;
				IPHONEOS_DEPLOYMENT_TARGET = 17.2;
				LOCALIZATION_PREFERS_STRING_CATALOGS = YES;
				MTL_ENABLE_DEBUG_INFO = NO;
				MTL_FAST_MATH = YES;
				SDKROOT = iphoneos;
				SWIFT_COMPILATION_MODE = wholemodule;
				VALIDATE_PRODUCT = YES;
			};
			name = Release;
		};
		1D24ADED2CE6591500E9819E /* Debug */ = {
			isa = XCBuildConfiguration;
			buildSettings = {
				ASSETCATALOG_COMPILER_APPICON_NAME = AppIcon;
				ASSETCATALOG_COMPILER_GLOBAL_ACCENT_COLOR_NAME = AccentColor;
				CODE_SIGN_STYLE = Automatic;
				CURRENT_PROJECT_VERSION = 1;
				DEVELOPMENT_ASSET_PATHS = "\"ExchangeApplication/Preview Content\"";
				DEVELOPMENT_TEAM = J9YF63537C;
				ENABLE_PREVIEWS = YES;
				GENERATE_INFOPLIST_FILE = YES;
				INFOPLIST_KEY_UIApplicationSceneManifest_Generation = YES;
				INFOPLIST_KEY_UIApplicationSupportsIndirectInputEvents = YES;
				INFOPLIST_KEY_UILaunchScreen_Generation = YES;
				INFOPLIST_KEY_UISupportedInterfaceOrientations_iPad = "UIInterfaceOrientationPortrait UIInterfaceOrientationPortraitUpsideDown UIInterfaceOrientationLandscapeLeft UIInterfaceOrientationLandscapeRight";
				INFOPLIST_KEY_UISupportedInterfaceOrientations_iPhone = "UIInterfaceOrientationPortrait UIInterfaceOrientationLandscapeLeft UIInterfaceOrientationLandscapeRight";
				LD_RUNPATH_SEARCH_PATHS = (
					"$(inherited)",
					"@executable_path/Frameworks",
				);
				MARKETING_VERSION = 1.0;
				PRODUCT_BUNDLE_IDENTIFIER = com.huseyingundogdu.ExchangeApplication;
				PRODUCT_NAME = "$(TARGET_NAME)";
				SWIFT_EMIT_LOC_STRINGS = YES;
				SWIFT_VERSION = 5.0;
				TARGETED_DEVICE_FAMILY = "1,2";
			};
			name = Debug;
		};
		1D24ADEE2CE6591500E9819E /* Release */ = {
			isa = XCBuildConfiguration;
			buildSettings = {
				ASSETCATALOG_COMPILER_APPICON_NAME = AppIcon;
				ASSETCATALOG_COMPILER_GLOBAL_ACCENT_COLOR_NAME = AccentColor;
				CODE_SIGN_STYLE = Automatic;
				CURRENT_PROJECT_VERSION = 1;
				DEVELOPMENT_ASSET_PATHS = "\"ExchangeApplication/Preview Content\"";
				DEVELOPMENT_TEAM = J9YF63537C;
				ENABLE_PREVIEWS = YES;
				GENERATE_INFOPLIST_FILE = YES;
				INFOPLIST_KEY_UIApplicationSceneManifest_Generation = YES;
				INFOPLIST_KEY_UIApplicationSupportsIndirectInputEvents = YES;
				INFOPLIST_KEY_UILaunchScreen_Generation = YES;
				INFOPLIST_KEY_UISupportedInterfaceOrientations_iPad = "UIInterfaceOrientationPortrait UIInterfaceOrientationPortraitUpsideDown UIInterfaceOrientationLandscapeLeft UIInterfaceOrientationLandscapeRight";
				INFOPLIST_KEY_UISupportedInterfaceOrientations_iPhone = "UIInterfaceOrientationPortrait UIInterfaceOrientationLandscapeLeft UIInterfaceOrientationLandscapeRight";
				LD_RUNPATH_SEARCH_PATHS = (
					"$(inherited)",
					"@executable_path/Frameworks",
				);
				MARKETING_VERSION = 1.0;
				PRODUCT_BUNDLE_IDENTIFIER = com.huseyingundogdu.ExchangeApplication;
				PRODUCT_NAME = "$(TARGET_NAME)";
				SWIFT_EMIT_LOC_STRINGS = YES;
				SWIFT_VERSION = 5.0;
				TARGETED_DEVICE_FAMILY = "1,2";
			};
			name = Release;
		};
/* End XCBuildConfiguration section */

/* Begin XCConfigurationList section */
		1D24ADD92CE6591300E9819E /* Build configuration list for PBXProject "ExchangeApplication" */ = {
			isa = XCConfigurationList;
			buildConfigurations = (
				1D24ADEA2CE6591500E9819E /* Debug */,
				1D24ADEB2CE6591500E9819E /* Release */,
			);
			defaultConfigurationIsVisible = 0;
			defaultConfigurationName = Release;
		};
		1D24ADEC2CE6591500E9819E /* Build configuration list for PBXNativeTarget "ExchangeApplication" */ = {
			isa = XCConfigurationList;
			buildConfigurations = (
				1D24ADED2CE6591500E9819E /* Debug */,
				1D24ADEE2CE6591500E9819E /* Release */,
			);
			defaultConfigurationIsVisible = 0;
			defaultConfigurationName = Release;
		};
/* End XCConfigurationList section */
	};
	rootObject = 1D24ADD62CE6591300E9819E /* Project object */;
}
